
Microsoft Visual Studio Solution File, Format Version 12.00
# Visual Studio Version 17
VisualStudioVersion = 17.10.35013.160
MinimumVisualStudioVersion = 10.0.40219.1
Project("{FAE04EC0-301F-11D3-BF4B-00C04F79EFBC}") = "ModbusRelay", "ModbusRelay\ModbusRelay.csproj", "{A3EA7C92-0CD4-4F20-B3FC-910544A94E43}"
EndProject
Global
	GlobalSection(SolutionConfigurationPlatforms) = preSolution
		Debug|Any CPU = Debug|Any CPU
		Release|Any CPU = Release|Any CPU
	EndGlobalSection
	GlobalSection(ProjectConfigurationPlatforms) = postSolution
		{A3EA7C92-0CD4-4F20-B3FC-910544A94E43}.Debug|Any CPU.ActiveCfg = Debug|Any CPU
		{A3EA7C92-0CD4-4F20-B3FC-910544A94E43}.Debug|Any CPU.Build.0 = Debug|Any CPU
		{A3EA7C92-0CD4-4F20-B3FC-910544A94E43}.Release|Any CPU.ActiveCfg = Release|Any CPU
		{A3EA7C92-0CD4-4F20-B3FC-910544A94E43}.Release|Any CPU.Build.0 = Release|Any CPU
	EndGlobalSection
	GlobalSection(SolutionProperties) = preSolution
		HideSolutionNode = FALSE
	EndGlobalSection
	GlobalSection(ExtensibilityGlobals) = postSolution
		SolutionGuid = {25A51208-2C74-4804-BE37-8900FA0046FA}
	EndGlobalSection
EndGlobal
